
Microsoft Visual Studio Solution File, Format Version 12.00
# Visual Studio Version 16
VisualStudioVersion = 16.0.30204.135
MinimumVisualStudioVersion = 10.0.40219.1
Project("{FAE04EC0-301F-11D3-BF4B-00C04F79EFBC}") = "SessionLibrary", "SessionLibrary\SessionLibrary.csproj", "{92A41E61-E14A-4821-BB91-259B128446D5}"
EndProject
Project("{2150E333-8FDC-42A3-9474-1A3956D46DE8}") = "UnitTests", "UnitTests", "{9C518B3F-AE9E-4CDC-AE61-18D4E76D487B}"
EndProject
Project("{2150E333-8FDC-42A3-9474-1A3956D46DE8}") = "DaoUnitTests", "DaoUnitTests", "{10BFB173-00BA-4843-A432-C4FE8195FCB5}"
EndProject
Project("{2150E333-8FDC-42A3-9474-1A3956D46DE8}") = "ExcelUnitTests", "ExcelUnitTests", "{B3A7DC40-C27D-40FB-A594-30916A40E128}"
EndProject
Project("{FAE04EC0-301F-11D3-BF4B-00C04F79EFBC}") = "SessionLIbraryExcel.Tests", "SessionLIbraryExcel.Tests\SessionLIbraryExcel.Tests.csproj", "{C6218CA1-D800-4B24-A0D4-368F68854F32}"
EndProject
Project("{2150E333-8FDC-42A3-9474-1A3956D46DE8}") = "Resources", "Resources", "{B0CAC803-272C-4F00-8151-9E3F6C905D29}"
EndProject
Project("{2150E333-8FDC-42A3-9474-1A3956D46DE8}") = "Reports", "Reports", "{6B506982-196E-4634-8556-6D9434DD9F90}"
	ProjectSection(SolutionItems) = preProject
		SessionLIbraryExcel.Tests\bin\Debug\AverageMarkByExaminer.xlsx = SessionLIbraryExcel.Tests\bin\Debug\AverageMarkByExaminer.xlsx
		SessionLIbraryExcel.Tests\bin\Debug\AverageMarkBySpecification.xlsx = SessionLIbraryExcel.Tests\bin\Debug\AverageMarkBySpecification.xlsx
		SessionLIbraryExcel.Tests\bin\Debug\AverageMarkBySubject.xlsx = SessionLIbraryExcel.Tests\bin\Debug\AverageMarkBySubject.xlsx
		SessionLIbraryExcel.Tests\bin\Debug\DropoutStudents.xlsx = SessionLIbraryExcel.Tests\bin\Debug\DropoutStudents.xlsx
		SessionLIbraryExcel.Tests\bin\Debug\GroupAvgMinMax.xlsx = SessionLIbraryExcel.Tests\bin\Debug\GroupAvgMinMax.xlsx
		SessionLIbraryExcel.Tests\bin\Debug\SessionResults.xlsx = SessionLIbraryExcel.Tests\bin\Debug\SessionResults.xlsx
	EndProjectSection
EndProject
Project("{2150E333-8FDC-42A3-9474-1A3956D46DE8}") = "SortedReports", "SortedReports", "{82350EC8-AEF4-4DA5-AFFF-D5EF8FE94A0D}"
	ProjectSection(SolutionItems) = preProject
		SessionLIbraryExcel.Tests\bin\Debug\AverageMarkByExaminerWithSorting.xlsx = SessionLIbraryExcel.Tests\bin\Debug\AverageMarkByExaminerWithSorting.xlsx
		SessionLIbraryExcel.Tests\bin\Debug\AverageMarkBySpecificationWithSorting.xlsx = SessionLIbraryExcel.Tests\bin\Debug\AverageMarkBySpecificationWithSorting.xlsx
		SessionLIbraryExcel.Tests\bin\Debug\AverageMarkBySubjectWithSorting.xlsx = SessionLIbraryExcel.Tests\bin\Debug\AverageMarkBySubjectWithSorting.xlsx
		SessionLIbraryExcel.Tests\bin\Debug\DropoutStudentsAscendingWithSorting.xlsx = SessionLIbraryExcel.Tests\bin\Debug\DropoutStudentsAscendingWithSorting.xlsx
		SessionLIbraryExcel.Tests\bin\Debug\GroupAvgMinMaxWithSorting.xlsx = SessionLIbraryExcel.Tests\bin\Debug\GroupAvgMinMaxWithSorting.xlsx
		SessionLIbraryExcel.Tests\bin\Debug\SessionResultsWithSorting.xlsx = SessionLIbraryExcel.Tests\bin\Debug\SessionResultsWithSorting.xlsx
	EndProjectSection
EndProject
Project("{2150E333-8FDC-42A3-9474-1A3956D46DE8}") = "Abstract", "Abstract", "{270F4ADC-BA5D-414C-A1FF-3C4D948919F5}"
EndProject
Project("{FAE04EC0-301F-11D3-BF4B-00C04F79EFBC}") = "AbstractUnitTestLib", "AbstractUnitTestLib\AbstractUnitTestLib.csproj", "{7F26B3B2-C6AF-45FD-AB31-C624DE9DBB64}"
EndProject
Project("{2150E333-8FDC-42A3-9474-1A3956D46DE8}") = "GroupCreatorTests", "GroupCreatorTests", "{4AF5FAB2-23C0-403E-8BF1-6FB24BF6D0F6}"
EndProject
Project("{FAE04EC0-301F-11D3-BF4B-00C04F79EFBC}") = "GroupDao.Tests", "GroupDao.Tests\GroupDao.Tests.csproj", "{8CD78109-A858-4DDC-87BD-7CB639C6042B}"
EndProject
Project("{2150E333-8FDC-42A3-9474-1A3956D46DE8}") = "SessionSheduleCreatorTests", "SessionSheduleCreatorTests", "{A897AE97-E3C8-499D-AE05-1A700AC2D116}"
EndProject
Project("{FAE04EC0-301F-11D3-BF4B-00C04F79EFBC}") = "_SessionShedule.Tests", "SessionSheduleCreatorTests\_SessionShedule.Tests.csproj", "{B8D93992-FB57-45D4-8DA9-1871E7823EA4}"
EndProject
Project("{2150E333-8FDC-42A3-9474-1A3956D46DE8}") = "SubjectCreator.Tests", "SubjectCreator.Tests", "{988F015E-6D1E-468F-BA34-6D1A808E62E0}"
EndProject
Project("{FAE04EC0-301F-11D3-BF4B-00C04F79EFBC}") = "SubjectDao.Tests", "SubjectDao.Tests\SubjectDao.Tests.csproj", "{E84F2E17-52BE-4E27-813B-179971ECC1CC}"
EndProject
Project("{2150E333-8FDC-42A3-9474-1A3956D46DE8}") = "WorkResultCreatorTests", "WorkResultCreatorTests", "{904315C5-5901-483C-B358-71980CC84847}"
EndProject
Project("{FAE04EC0-301F-11D3-BF4B-00C04F79EFBC}") = "WorkResultDao.Tests", "WorkResultDao.Tests\WorkResultDao.Tests.csproj", "{F49FE9F0-B49F-49E7-9DE3-48FB51C8E16D}"
EndProject
Project("{2150E333-8FDC-42A3-9474-1A3956D46DE8}") = "WorkTypeCreatorTests", "WorkTypeCreatorTests", "{49DCB0BC-37E5-40F2-92CB-CE066F604A91}"
EndProject
Project("{FAE04EC0-301F-11D3-BF4B-00C04F79EFBC}") = "WorkTypeDao.Tests", "WorkTypeDao.Tests\WorkTypeDao.Tests.csproj", "{D91D4168-EED9-4E9F-99F9-969026F016E7}"
EndProject
Project("{2150E333-8FDC-42A3-9474-1A3956D46DE8}") = "StudentCreatorTests", "StudentCreatorTests", "{3E3A809E-8D44-4130-90A9-836EEF908109}"
EndProject
Project("{FAE04EC0-301F-11D3-BF4B-00C04F79EFBC}") = "_StudentDao.Tests", "StudentDao.Tests\_StudentDao.Tests.csproj", "{9BB84586-5DC9-4F6B-A842-F925D2CF4659}"
EndProject
Global
	GlobalSection(SolutionConfigurationPlatforms) = preSolution
		Debug|Any CPU = Debug|Any CPU
		Release|Any CPU = Release|Any CPU
	EndGlobalSection
	GlobalSection(ProjectConfigurationPlatforms) = postSolution
		{92A41E61-E14A-4821-BB91-259B128446D5}.Debug|Any CPU.ActiveCfg = Debug|Any CPU
		{92A41E61-E14A-4821-BB91-259B128446D5}.Debug|Any CPU.Build.0 = Debug|Any CPU
		{92A41E61-E14A-4821-BB91-259B128446D5}.Release|Any CPU.ActiveCfg = Release|Any CPU
		{92A41E61-E14A-4821-BB91-259B128446D5}.Release|Any CPU.Build.0 = Release|Any CPU
		{C6218CA1-D800-4B24-A0D4-368F68854F32}.Debug|Any CPU.ActiveCfg = Debug|Any CPU
		{C6218CA1-D800-4B24-A0D4-368F68854F32}.Debug|Any CPU.Build.0 = Debug|Any CPU
		{C6218CA1-D800-4B24-A0D4-368F68854F32}.Release|Any CPU.ActiveCfg = Release|Any CPU
		{C6218CA1-D800-4B24-A0D4-368F68854F32}.Release|Any CPU.Build.0 = Release|Any CPU
		{7F26B3B2-C6AF-45FD-AB31-C624DE9DBB64}.Debug|Any CPU.ActiveCfg = Debug|Any CPU
		{7F26B3B2-C6AF-45FD-AB31-C624DE9DBB64}.Debug|Any CPU.Build.0 = Debug|Any CPU
		{7F26B3B2-C6AF-45FD-AB31-C624DE9DBB64}.Release|Any CPU.ActiveCfg = Release|Any CPU
		{7F26B3B2-C6AF-45FD-AB31-C624DE9DBB64}.Release|Any CPU.Build.0 = Release|Any CPU
		{8CD78109-A858-4DDC-87BD-7CB639C6042B}.Debug|Any CPU.ActiveCfg = Debug|Any CPU
		{8CD78109-A858-4DDC-87BD-7CB639C6042B}.Debug|Any CPU.Build.0 = Debug|Any CPU
		{8CD78109-A858-4DDC-87BD-7CB639C6042B}.Release|Any CPU.ActiveCfg = Release|Any CPU
		{8CD78109-A858-4DDC-87BD-7CB639C6042B}.Release|Any CPU.Build.0 = Release|Any CPU
		{B8D93992-FB57-45D4-8DA9-1871E7823EA4}.Debug|Any CPU.ActiveCfg = Debug|Any CPU
		{B8D93992-FB57-45D4-8DA9-1871E7823EA4}.Debug|Any CPU.Build.0 = Debug|Any CPU
		{B8D93992-FB57-45D4-8DA9-1871E7823EA4}.Release|Any CPU.ActiveCfg = Release|Any CPU
		{B8D93992-FB57-45D4-8DA9-1871E7823EA4}.Release|Any CPU.Build.0 = Release|Any CPU
		{E84F2E17-52BE-4E27-813B-179971ECC1CC}.Debug|Any CPU.ActiveCfg = Debug|Any CPU
		{E84F2E17-52BE-4E27-813B-179971ECC1CC}.Debug|Any CPU.Build.0 = Debug|Any CPU
		{E84F2E17-52BE-4E27-813B-179971ECC1CC}.Release|Any CPU.ActiveCfg = Release|Any CPU
		{E84F2E17-52BE-4E27-813B-179971ECC1CC}.Release|Any CPU.Build.0 = Release|Any CPU
		{F49FE9F0-B49F-49E7-9DE3-48FB51C8E16D}.Debug|Any CPU.ActiveCfg = Debug|Any CPU
		{F49FE9F0-B49F-49E7-9DE3-48FB51C8E16D}.Debug|Any CPU.Build.0 = Debug|Any CPU
		{F49FE9F0-B49F-49E7-9DE3-48FB51C8E16D}.Release|Any CPU.ActiveCfg = Release|Any CPU
		{F49FE9F0-B49F-49E7-9DE3-48FB51C8E16D}.Release|Any CPU.Build.0 = Release|Any CPU
		{D91D4168-EED9-4E9F-99F9-969026F016E7}.Debug|Any CPU.ActiveCfg = Debug|Any CPU
		{D91D4168-EED9-4E9F-99F9-969026F016E7}.Debug|Any CPU.Build.0 = Debug|Any CPU
		{D91D4168-EED9-4E9F-99F9-969026F016E7}.Release|Any CPU.ActiveCfg = Release|Any CPU
		{D91D4168-EED9-4E9F-99F9-969026F016E7}.Release|Any CPU.Build.0 = Release|Any CPU
		{9BB84586-5DC9-4F6B-A842-F925D2CF4659}.Debug|Any CPU.ActiveCfg = Debug|Any CPU
		{9BB84586-5DC9-4F6B-A842-F925D2CF4659}.Debug|Any CPU.Build.0 = Debug|Any CPU
		{9BB84586-5DC9-4F6B-A842-F925D2CF4659}.Release|Any CPU.ActiveCfg = Release|Any CPU
		{9BB84586-5DC9-4F6B-A842-F925D2CF4659}.Release|Any CPU.Build.0 = Release|Any CPU
	EndGlobalSection
	GlobalSection(SolutionProperties) = preSolution
		HideSolutionNode = FALSE
	EndGlobalSection
	GlobalSection(NestedProjects) = preSolution
		{10BFB173-00BA-4843-A432-C4FE8195FCB5} = {9C518B3F-AE9E-4CDC-AE61-18D4E76D487B}
		{B3A7DC40-C27D-40FB-A594-30916A40E128} = {9C518B3F-AE9E-4CDC-AE61-18D4E76D487B}
		{C6218CA1-D800-4B24-A0D4-368F68854F32} = {B3A7DC40-C27D-40FB-A594-30916A40E128}
		{B0CAC803-272C-4F00-8151-9E3F6C905D29} = {B3A7DC40-C27D-40FB-A594-30916A40E128}
		{6B506982-196E-4634-8556-6D9434DD9F90} = {B0CAC803-272C-4F00-8151-9E3F6C905D29}
		{82350EC8-AEF4-4DA5-AFFF-D5EF8FE94A0D} = {B0CAC803-272C-4F00-8151-9E3F6C905D29}
		{270F4ADC-BA5D-414C-A1FF-3C4D948919F5} = {10BFB173-00BA-4843-A432-C4FE8195FCB5}
		{7F26B3B2-C6AF-45FD-AB31-C624DE9DBB64} = {270F4ADC-BA5D-414C-A1FF-3C4D948919F5}
		{4AF5FAB2-23C0-403E-8BF1-6FB24BF6D0F6} = {10BFB173-00BA-4843-A432-C4FE8195FCB5}
		{8CD78109-A858-4DDC-87BD-7CB639C6042B} = {4AF5FAB2-23C0-403E-8BF1-6FB24BF6D0F6}
		{A897AE97-E3C8-499D-AE05-1A700AC2D116} = {10BFB173-00BA-4843-A432-C4FE8195FCB5}
		{B8D93992-FB57-45D4-8DA9-1871E7823EA4} = {A897AE97-E3C8-499D-AE05-1A700AC2D116}
		{988F015E-6D1E-468F-BA34-6D1A808E62E0} = {10BFB173-00BA-4843-A432-C4FE8195FCB5}
		{E84F2E17-52BE-4E27-813B-179971ECC1CC} = {988F015E-6D1E-468F-BA34-6D1A808E62E0}
		{904315C5-5901-483C-B358-71980CC84847} = {10BFB173-00BA-4843-A432-C4FE8195FCB5}
		{F49FE9F0-B49F-49E7-9DE3-48FB51C8E16D} = {904315C5-5901-483C-B358-71980CC84847}
		{49DCB0BC-37E5-40F2-92CB-CE066F604A91} = {10BFB173-00BA-4843-A432-C4FE8195FCB5}
		{D91D4168-EED9-4E9F-99F9-969026F016E7} = {49DCB0BC-37E5-40F2-92CB-CE066F604A91}
		{3E3A809E-8D44-4130-90A9-836EEF908109} = {10BFB173-00BA-4843-A432-C4FE8195FCB5}
		{9BB84586-5DC9-4F6B-A842-F925D2CF4659} = {3E3A809E-8D44-4130-90A9-836EEF908109}
	EndGlobalSection
	GlobalSection(ExtensibilityGlobals) = postSolution
		SolutionGuid = {F12D82E5-BDC3-4607-AF66-A77A0B44D8BA}
	EndGlobalSection
EndGlobal
